// !$*UTF8*$!
{
	archiveVersion = 1;
	classes = {
	};
	objectVersion = 56;
	objects = {

/* Begin PBXBuildFile section */
		6E24890D28DCBC2300E04F5C /* Organizations+CoreDataClass.swift in Sources */ = {isa = PBXBuildFile; fileRef = 6E24890B28DCBC2300E04F5C /* Organizations+CoreDataClass.swift */; };
		6E24890E28DCBC2300E04F5C /* Organizations+CoreDataClass.swift in Sources */ = {isa = PBXBuildFile; fileRef = 6E24890B28DCBC2300E04F5C /* Organizations+CoreDataClass.swift */; };
		6E24890F28DCBC2300E04F5C /* Organizations+CoreDataClass.swift in Sources */ = {isa = PBXBuildFile; fileRef = 6E24890B28DCBC2300E04F5C /* Organizations+CoreDataClass.swift */; };
		6E24891828DCEDFD00E04F5C /* CDHelper.swift in Sources */ = {isa = PBXBuildFile; fileRef = 6E24891728DCEDFD00E04F5C /* CDHelper.swift */; };
		6E24891928DCEDFD00E04F5C /* CDHelper.swift in Sources */ = {isa = PBXBuildFile; fileRef = 6E24891728DCEDFD00E04F5C /* CDHelper.swift */; };
		6E24891A28DCEDFD00E04F5C /* CDHelper.swift in Sources */ = {isa = PBXBuildFile; fileRef = 6E24891728DCEDFD00E04F5C /* CDHelper.swift */; };
		6E41BF1228DBDB210083F2F6 /* ItemsFor.xcdatamodeld in Sources */ = {isa = PBXBuildFile; fileRef = 6E41BF1028DBDB210083F2F6 /* ItemsFor.xcdatamodeld */; };
		6E41BF1328DBDB210083F2F6 /* ItemsFor.xcdatamodeld in Sources */ = {isa = PBXBuildFile; fileRef = 6E41BF1028DBDB210083F2F6 /* ItemsFor.xcdatamodeld */; };
		6E41BF1428DBDB210083F2F6 /* ItemsFor.xcdatamodeld in Sources */ = {isa = PBXBuildFile; fileRef = 6E41BF1028DBDB210083F2F6 /* ItemsFor.xcdatamodeld */; };
		6ECCF83D28DBBBD10092853B /* AppDelegate.swift in Sources */ = {isa = PBXBuildFile; fileRef = 6ECCF83C28DBBBD10092853B /* AppDelegate.swift */; };
		6ECCF83F28DBBBD10092853B /* SceneDelegate.swift in Sources */ = {isa = PBXBuildFile; fileRef = 6ECCF83E28DBBBD10092853B /* SceneDelegate.swift */; };
		6ECCF84128DBBBD10092853B /* ViewController.swift in Sources */ = {isa = PBXBuildFile; fileRef = 6ECCF84028DBBBD10092853B /* ViewController.swift */; };
		6ECCF84428DBBBD10092853B /* Main.storyboard in Resources */ = {isa = PBXBuildFile; fileRef = 6ECCF84228DBBBD10092853B /* Main.storyboard */; };
		6ECCF84628DBBBD30092853B /* Assets.xcassets in Resources */ = {isa = PBXBuildFile; fileRef = 6ECCF84528DBBBD30092853B /* Assets.xcassets */; };
		6ECCF84928DBBBD30092853B /* LaunchScreen.storyboard in Resources */ = {isa = PBXBuildFile; fileRef = 6ECCF84728DBBBD30092853B /* LaunchScreen.storyboard */; };
		6ECCF85428DBBBD30092853B /* MapMarketTests.swift in Sources */ = {isa = PBXBuildFile; fileRef = 6ECCF85328DBBBD30092853B /* MapMarketTests.swift */; };
		6ECCF85E28DBBBD30092853B /* MapMarketUITests.swift in Sources */ = {isa = PBXBuildFile; fileRef = 6ECCF85D28DBBBD30092853B /* MapMarketUITests.swift */; };
		6ECCF86028DBBBD30092853B /* MapMarketUITestsLaunchTests.swift in Sources */ = {isa = PBXBuildFile; fileRef = 6ECCF85F28DBBBD30092853B /* MapMarketUITestsLaunchTests.swift */; };
		6ECCF86E28DBBCDA0092853B /* MapKit.framework in Frameworks */ = {isa = PBXBuildFile; fileRef = 6ECCF86D28DBBCDA0092853B /* MapKit.framework */; };
/* End PBXBuildFile section */

/* Begin PBXContainerItemProxy section */
		6ECCF85028DBBBD30092853B /* PBXContainerItemProxy */ = {
			isa = PBXContainerItemProxy;
			containerPortal = 6ECCF83128DBBBD10092853B /* Project object */;
			proxyType = 1;
			remoteGlobalIDString = 6ECCF83828DBBBD10092853B;
			remoteInfo = MapMarket;
		};
		6ECCF85A28DBBBD30092853B /* PBXContainerItemProxy */ = {
			isa = PBXContainerItemProxy;
			containerPortal = 6ECCF83128DBBBD10092853B /* Project object */;
			proxyType = 1;
			remoteGlobalIDString = 6ECCF83828DBBBD10092853B;
			remoteInfo = MapMarket;
		};
/* End PBXContainerItemProxy section */

/* Begin PBXFileReference section */
		6E24890B28DCBC2300E04F5C /* Organizations+CoreDataClass.swift */ = {isa = PBXFileReference; lastKnownFileType = sourcecode.swift; path = "Organizations+CoreDataClass.swift"; sourceTree = "<group>"; };
		6E24891728DCEDFD00E04F5C /* CDHelper.swift */ = {isa = PBXFileReference; lastKnownFileType = sourcecode.swift; path = CDHelper.swift; sourceTree = "<group>"; };
		6E41BF1128DBDB210083F2F6 /* ItemsFor.xcdatamodel */ = {isa = PBXFileReference; lastKnownFileType = wrapper.xcdatamodel; path = ItemsFor.xcdatamodel; sourceTree = "<group>"; };
		6ECCF83928DBBBD10092853B /* MapMarket.app */ = {isa = PBXFileReference; explicitFileType = wrapper.application; includeInIndex = 0; path = MapMarket.app; sourceTree = BUILT_PRODUCTS_DIR; };
		6ECCF83C28DBBBD10092853B /* AppDelegate.swift */ = {isa = PBXFileReference; lastKnownFileType = sourcecode.swift; path = AppDelegate.swift; sourceTree = "<group>"; };
		6ECCF83E28DBBBD10092853B /* SceneDelegate.swift */ = {isa = PBXFileReference; lastKnownFileType = sourcecode.swift; path = SceneDelegate.swift; sourceTree = "<group>"; };
		6ECCF84028DBBBD10092853B /* ViewController.swift */ = {isa = PBXFileReference; lastKnownFileType = sourcecode.swift; path = ViewController.swift; sourceTree = "<group>"; };
		6ECCF84328DBBBD10092853B /* Base */ = {isa = PBXFileReference; lastKnownFileType = file.storyboard; name = Base; path = Base.lproj/Main.storyboard; sourceTree = "<group>"; };
		6ECCF84528DBBBD30092853B /* Assets.xcassets */ = {isa = PBXFileReference; lastKnownFileType = folder.assetcatalog; path = Assets.xcassets; sourceTree = "<group>"; };
		6ECCF84828DBBBD30092853B /* Base */ = {isa = PBXFileReference; lastKnownFileType = file.storyboard; name = Base; path = Base.lproj/LaunchScreen.storyboard; sourceTree = "<group>"; };
		6ECCF84A28DBBBD30092853B /* Info.plist */ = {isa = PBXFileReference; lastKnownFileType = text.plist.xml; path = Info.plist; sourceTree = "<group>"; };
		6ECCF84F28DBBBD30092853B /* MapMarketTests.xctest */ = {isa = PBXFileReference; explicitFileType = wrapper.cfbundle; includeInIndex = 0; path = MapMarketTests.xctest; sourceTree = BUILT_PRODUCTS_DIR; };
		6ECCF85328DBBBD30092853B /* MapMarketTests.swift */ = {isa = PBXFileReference; lastKnownFileType = sourcecode.swift; path = MapMarketTests.swift; sourceTree = "<group>"; };
		6ECCF85928DBBBD30092853B /* MapMarketUITests.xctest */ = {isa = PBXFileReference; explicitFileType = wrapper.cfbundle; includeInIndex = 0; path = MapMarketUITests.xctest; sourceTree = BUILT_PRODUCTS_DIR; };
		6ECCF85D28DBBBD30092853B /* MapMarketUITests.swift */ = {isa = PBXFileReference; lastKnownFileType = sourcecode.swift; path = MapMarketUITests.swift; sourceTree = "<group>"; };
		6ECCF85F28DBBBD30092853B /* MapMarketUITestsLaunchTests.swift */ = {isa = PBXFileReference; lastKnownFileType = sourcecode.swift; path = MapMarketUITestsLaunchTests.swift; sourceTree = "<group>"; };
		6ECCF86D28DBBCDA0092853B /* MapKit.framework */ = {isa = PBXFileReference; lastKnownFileType = wrapper.framework; name = MapKit.framework; path = System/Library/Frameworks/MapKit.framework; sourceTree = SDKROOT; };
/* End PBXFileReference section */

/* Begin PBXFrameworksBuildPhase section */
		6ECCF83628DBBBD10092853B /* Frameworks */ = {
			isa = PBXFrameworksBuildPhase;
			buildActionMask = 2147483647;
			files = (
				6ECCF86E28DBBCDA0092853B /* MapKit.framework in Frameworks */,
			);
			runOnlyForDeploymentPostprocessing = 0;
		};
		6ECCF84C28DBBBD30092853B /* Frameworks */ = {
			isa = PBXFrameworksBuildPhase;
			buildActionMask = 2147483647;
			files = (
			);
			runOnlyForDeploymentPostprocessing = 0;
		};
		6ECCF85628DBBBD30092853B /* Frameworks */ = {
			isa = PBXFrameworksBuildPhase;
			buildActionMask = 2147483647;
			files = (
			);
			runOnlyForDeploymentPostprocessing = 0;
		};
/* End PBXFrameworksBuildPhase section */

/* Begin PBXGroup section */
		6E41BF2128DC8EE70083F2F6 /* Model */ = {
			isa = PBXGroup;
			children = (
				6E24890B28DCBC2300E04F5C /* Organizations+CoreDataClass.swift */,
			);
			path = Model;
			sourceTree = "<group>";
		};
		6ECCF83028DBBBD10092853B = {
			isa = PBXGroup;
			children = (
				6ECCF83B28DBBBD10092853B /* MapMarket */,
				6ECCF85228DBBBD30092853B /* MapMarketTests */,
				6ECCF85C28DBBBD30092853B /* MapMarketUITests */,
				6ECCF83A28DBBBD10092853B /* Products */,
				6ECCF86C28DBBCDA0092853B /* Frameworks */,
			);
			sourceTree = "<group>";
		};
		6ECCF83A28DBBBD10092853B /* Products */ = {
			isa = PBXGroup;
			children = (
				6ECCF83928DBBBD10092853B /* MapMarket.app */,
				6ECCF84F28DBBBD30092853B /* MapMarketTests.xctest */,
				6ECCF85928DBBBD30092853B /* MapMarketUITests.xctest */,
			);
			name = Products;
			sourceTree = "<group>";
		};
		6ECCF83B28DBBBD10092853B /* MapMarket */ = {
			isa = PBXGroup;
			children = (
				6E41BF2128DC8EE70083F2F6 /* Model */,
				6ECCF83C28DBBBD10092853B /* AppDelegate.swift */,
				6ECCF83E28DBBBD10092853B /* SceneDelegate.swift */,
				6ECCF84028DBBBD10092853B /* ViewController.swift */,
				6E24891728DCEDFD00E04F5C /* CDHelper.swift */,
				6E41BF1028DBDB210083F2F6 /* ItemsFor.xcdatamodeld */,
				6ECCF84228DBBBD10092853B /* Main.storyboard */,
				6ECCF84528DBBBD30092853B /* Assets.xcassets */,
				6ECCF84728DBBBD30092853B /* LaunchScreen.storyboard */,
				6ECCF84A28DBBBD30092853B /* Info.plist */,
			);
			path = MapMarket;
			sourceTree = "<group>";
		};
		6ECCF85228DBBBD30092853B /* MapMarketTests */ = {
			isa = PBXGroup;
			children = (
				6ECCF85328DBBBD30092853B /* MapMarketTests.swift */,
			);
			path = MapMarketTests;
			sourceTree = "<group>";
		};
		6ECCF85C28DBBBD30092853B /* MapMarketUITests */ = {
			isa = PBXGroup;
			children = (
				6ECCF85D28DBBBD30092853B /* MapMarketUITests.swift */,
				6ECCF85F28DBBBD30092853B /* MapMarketUITestsLaunchTests.swift */,
			);
			path = MapMarketUITests;
			sourceTree = "<group>";
		};
		6ECCF86C28DBBCDA0092853B /* Frameworks */ = {
			isa = PBXGroup;
			children = (
				6ECCF86D28DBBCDA0092853B /* MapKit.framework */,
			);
			name = Frameworks;
			sourceTree = "<group>";
		};
/* End PBXGroup section */

/* Begin PBXNativeTarget section */
		6ECCF83828DBBBD10092853B /* MapMarket */ = {
			isa = PBXNativeTarget;
			buildConfigurationList = 6ECCF86328DBBBD30092853B /* Build configuration list for PBXNativeTarget "MapMarket" */;
			buildPhases = (
				6ECCF83528DBBBD10092853B /* Sources */,
				6ECCF83628DBBBD10092853B /* Frameworks */,
				6ECCF83728DBBBD10092853B /* Resources */,
			);
			buildRules = (
			);
			dependencies = (
			);
			name = MapMarket;
			productName = MapMarket;
			productReference = 6ECCF83928DBBBD10092853B /* MapMarket.app */;
			productType = "com.apple.product-type.application";
		};
		6ECCF84E28DBBBD30092853B /* MapMarketTests */ = {
			isa = PBXNativeTarget;
			buildConfigurationList = 6ECCF86628DBBBD30092853B /* Build configuration list for PBXNativeTarget "MapMarketTests" */;
			buildPhases = (
				6ECCF84B28DBBBD30092853B /* Sources */,
				6ECCF84C28DBBBD30092853B /* Frameworks */,
				6ECCF84D28DBBBD30092853B /* Resources */,
			);
			buildRules = (
			);
			dependencies = (
				6ECCF85128DBBBD30092853B /* PBXTargetDependency */,
			);
			name = MapMarketTests;
			productName = MapMarketTests;
			productReference = 6ECCF84F28DBBBD30092853B /* MapMarketTests.xctest */;
			productType = "com.apple.product-type.bundle.unit-test";
		};
		6ECCF85828DBBBD30092853B /* MapMarketUITests */ = {
			isa = PBXNativeTarget;
			buildConfigurationList = 6ECCF86928DBBBD30092853B /* Build configuration list for PBXNativeTarget "MapMarketUITests" */;
			buildPhases = (
				6ECCF85528DBBBD30092853B /* Sources */,
				6ECCF85628DBBBD30092853B /* Frameworks */,
				6ECCF85728DBBBD30092853B /* Resources */,
			);
			buildRules = (
			);
			dependencies = (
				6ECCF85B28DBBBD30092853B /* PBXTargetDependency */,
			);
			name = MapMarketUITests;
			productName = MapMarketUITests;
			productReference = 6ECCF85928DBBBD30092853B /* MapMarketUITests.xctest */;
			productType = "com.apple.product-type.bundle.ui-testing";
		};
/* End PBXNativeTarget section */

/* Begin PBXProject section */
		6ECCF83128DBBBD10092853B /* Project object */ = {
			isa = PBXProject;
			attributes = {
				BuildIndependentTargetsInParallel = 1;
				LastSwiftUpdateCheck = 1400;
				LastUpgradeCheck = 1400;
				TargetAttributes = {
					6ECCF83828DBBBD10092853B = {
						CreatedOnToolsVersion = 14.0;
					};
					6ECCF84E28DBBBD30092853B = {
						CreatedOnToolsVersion = 14.0;
						TestTargetID = 6ECCF83828DBBBD10092853B;
					};
					6ECCF85828DBBBD30092853B = {
						CreatedOnToolsVersion = 14.0;
						TestTargetID = 6ECCF83828DBBBD10092853B;
					};
				};
			};
			buildConfigurationList = 6ECCF83428DBBBD10092853B /* Build configuration list for PBXProject "MapMarket" */;
			compatibilityVersion = "Xcode 14.0";
			developmentRegion = en;
			hasScannedForEncodings = 0;
			knownRegions = (
				en,
				Base,
			);
			mainGroup = 6ECCF83028DBBBD10092853B;
			productRefGroup = 6ECCF83A28DBBBD10092853B /* Products */;
			projectDirPath = "";
			projectRoot = "";
			targets = (
				6ECCF83828DBBBD10092853B /* MapMarket */,
				6ECCF84E28DBBBD30092853B /* MapMarketTests */,
				6ECCF85828DBBBD30092853B /* MapMarketUITests */,
			);
		};
/* End PBXProject section */

/* Begin PBXResourcesBuildPhase section */
		6ECCF83728DBBBD10092853B /* Resources */ = {
			isa = PBXResourcesBuildPhase;
			buildActionMask = 2147483647;
			files = (
				6ECCF84928DBBBD30092853B /* LaunchScreen.storyboard in Resources */,
				6ECCF84628DBBBD30092853B /* Assets.xcassets in Resources */,
				6ECCF84428DBBBD10092853B /* Main.storyboard in Resources */,
			);
			runOnlyForDeploymentPostprocessing = 0;
		};
		6ECCF84D28DBBBD30092853B /* Resources */ = {
			isa = PBXResourcesBuildPhase;
			buildActionMask = 2147483647;
			files = (
			);
			runOnlyForDeploymentPostprocessing = 0;
		};
		6ECCF85728DBBBD30092853B /* Resources */ = {
			isa = PBXResourcesBuildPhase;
			buildActionMask = 2147483647;
			files = (
			);
			runOnlyForDeploymentPostprocessing = 0;
		};
/* End PBXResourcesBuildPhase section */

/* Begin PBXSourcesBuildPhase section */
		6ECCF83528DBBBD10092853B /* Sources */ = {
			isa = PBXSourcesBuildPhase;
			buildActionMask = 2147483647;
			files = (
				6ECCF84128DBBBD10092853B /* ViewController.swift in Sources */,
				6ECCF83D28DBBBD10092853B /* AppDelegate.swift in Sources */,
				6ECCF83F28DBBBD10092853B /* SceneDelegate.swift in Sources */,
				6E24890D28DCBC2300E04F5C /* Organizations+CoreDataClass.swift in Sources */,
				6E24891828DCEDFD00E04F5C /* CDHelper.swift in Sources */,
				6E41BF1228DBDB210083F2F6 /* ItemsFor.xcdatamodeld in Sources */,
			);
			runOnlyForDeploymentPostprocessing = 0;
		};
		6ECCF84B28DBBBD30092853B /* Sources */ = {
			isa = PBXSourcesBuildPhase;
			buildActionMask = 2147483647;
			files = (
				6E24890E28DCBC2300E04F5C /* Organizations+CoreDataClass.swift in Sources */,
				6E24891928DCEDFD00E04F5C /* CDHelper.swift in Sources */,
				6ECCF85428DBBBD30092853B /* MapMarketTests.swift in Sources */,
				6E41BF1328DBDB210083F2F6 /* ItemsFor.xcdatamodeld in Sources */,
			);
			runOnlyForDeploymentPostprocessing = 0;
		};
		6ECCF85528DBBBD30092853B /* Sources */ = {
			isa = PBXSourcesBuildPhase;
			buildActionMask = 2147483647;
			files = (
				6ECCF85E28DBBBD30092853B /* MapMarketUITests.swift in Sources */,
				6ECCF86028DBBBD30092853B /* MapMarketUITestsLaunchTests.swift in Sources */,
				6E24891A28DCEDFD00E04F5C /* CDHelper.swift in Sources */,
				6E24890F28DCBC2300E04F5C /* Organizations+CoreDataClass.swift in Sources */,
				6E41BF1428DBDB210083F2F6 /* ItemsFor.xcdatamodeld in Sources */,
			);
			runOnlyForDeploymentPostprocessing = 0;
		};
/* End PBXSourcesBuildPhase section */

/* Begin PBXTargetDependency section */
		6ECCF85128DBBBD30092853B /* PBXTargetDependency */ = {
			isa = PBXTargetDependency;
			target = 6ECCF83828DBBBD10092853B /* MapMarket */;
			targetProxy = 6ECCF85028DBBBD30092853B /* PBXContainerItemProxy */;
		};
		6ECCF85B28DBBBD30092853B /* PBXTargetDependency */ = {
			isa = PBXTargetDependency;
			target = 6ECCF83828DBBBD10092853B /* MapMarket */;
			targetProxy = 6ECCF85A28DBBBD30092853B /* PBXContainerItemProxy */;
		};
/* End PBXTargetDependency section */

/* Begin PBXVariantGroup section */
		6ECCF84228DBBBD10092853B /* Main.storyboard */ = {
			isa = PBXVariantGroup;
			children = (
				6ECCF84328DBBBD10092853B /* Base */,
			);
			name = Main.storyboard;
			sourceTree = "<group>";
		};
		6ECCF84728DBBBD30092853B /* LaunchScreen.storyboard */ = {
			isa = PBXVariantGroup;
			children = (
				6ECCF84828DBBBD30092853B /* Base */,
			);
			name = LaunchScreen.storyboard;
			sourceTree = "<group>";
		};
/* End PBXVariantGroup section */

/* Begin XCBuildConfiguration section */
		6ECCF86128DBBBD30092853B /* Debug */ = {
			isa = XCBuildConfiguration;
			buildSettings = {
				ALWAYS_SEARCH_USER_PATHS = NO;
				CLANG_ANALYZER_NONNULL = YES;
				CLANG_ANALYZER_NUMBER_OBJECT_CONVERSION = YES_AGGRESSIVE;
				CLANG_CXX_LANGUAGE_STANDARD = "gnu++20";
				CLANG_ENABLE_MODULES = YES;
				CLANG_ENABLE_OBJC_ARC = YES;
				CLANG_ENABLE_OBJC_WEAK = YES;
				CLANG_WARN_BLOCK_CAPTURE_AUTORELEASING = YES;
				CLANG_WARN_BOOL_CONVERSION = YES;
				CLANG_WARN_COMMA = YES;
				CLANG_WARN_CONSTANT_CONVERSION = YES;
				CLANG_WARN_DEPRECATED_OBJC_IMPLEMENTATIONS = YES;
				CLANG_WARN_DIRECT_OBJC_ISA_USAGE = YES_ERROR;
				CLANG_WARN_DOCUMENTATION_COMMENTS = YES;
				CLANG_WARN_EMPTY_BODY = YES;
				CLANG_WARN_ENUM_CONVERSION = YES;
				CLANG_WARN_INFINITE_RECURSION = YES;
				CLANG_WARN_INT_CONVERSION = YES;
				CLANG_WARN_NON_LITERAL_NULL_CONVERSION = YES;
				CLANG_WARN_OBJC_IMPLICIT_RETAIN_SELF = YES;
				CLANG_WARN_OBJC_LITERAL_CONVERSION = YES;
				CLANG_WARN_OBJC_ROOT_CLASS = YES_ERROR;
				CLANG_WARN_QUOTED_INCLUDE_IN_FRAMEWORK_HEADER = YES;
				CLANG_WARN_RANGE_LOOP_ANALYSIS = YES;
				CLANG_WARN_STRICT_PROTOTYPES = YES;
				CLANG_WARN_SUSPICIOUS_MOVE = YES;
				CLANG_WARN_UNGUARDED_AVAILABILITY = YES_AGGRESSIVE;
				CLANG_WARN_UNREACHABLE_CODE = YES;
				CLANG_WARN__DUPLICATE_METHOD_MATCH = YES;
				COPY_PHASE_STRIP = NO;
				DEBUG_INFORMATION_FORMAT = dwarf;
				ENABLE_STRICT_OBJC_MSGSEND = YES;
				ENABLE_TESTABILITY = YES;
				GCC_C_LANGUAGE_STANDARD = gnu11;
				GCC_DYNAMIC_NO_PIC = NO;
				GCC_NO_COMMON_BLOCKS = YES;
				GCC_OPTIMIZATION_LEVEL = 0;
				GCC_PREPROCESSOR_DEFINITIONS = (
					"DEBUG=1",
					"$(inherited)",
				);
				GCC_WARN_64_TO_32_BIT_CONVERSION = YES;
				GCC_WARN_ABOUT_RETURN_TYPE = YES_ERROR;
				GCC_WARN_UNDECLARED_SELECTOR = YES;
				GCC_WARN_UNINITIALIZED_AUTOS = YES_AGGRESSIVE;
				GCC_WARN_UNUSED_FUNCTION = YES;
				GCC_WARN_UNUSED_VARIABLE = YES;
				IPHONEOS_DEPLOYMENT_TARGET = 16.0;
				MTL_ENABLE_DEBUG_INFO = INCLUDE_SOURCE;
				MTL_FAST_MATH = YES;
				ONLY_ACTIVE_ARCH = YES;
				SDKROOT = iphoneos;
				SWIFT_ACTIVE_COMPILATION_CONDITIONS = DEBUG;
				SWIFT_OPTIMIZATION_LEVEL = "-Onone";
			};
			name = Debug;
		};
		6ECCF86228DBBBD30092853B /* Release */ = {
			isa = XCBuildConfiguration;
			buildSettings = {
				ALWAYS_SEARCH_USER_PATHS = NO;
				CLANG_ANALYZER_NONNULL = YES;
				CLANG_ANALYZER_NUMBER_OBJECT_CONVERSION = YES_AGGRESSIVE;
				CLANG_CXX_LANGUAGE_STANDARD = "gnu++20";
				CLANG_ENABLE_MODULES = YES;
				CLANG_ENABLE_OBJC_ARC = YES;
				CLANG_ENABLE_OBJC_WEAK = YES;
				CLANG_WARN_BLOCK_CAPTURE_AUTORELEASING = YES;
				CLANG_WARN_BOOL_CONVERSION = YES;
				CLANG_WARN_COMMA = YES;
				CLANG_WARN_CONSTANT_CONVERSION = YES;
				CLANG_WARN_DEPRECATED_OBJC_IMPLEMENTATIONS = YES;
				CLANG_WARN_DIRECT_OBJC_ISA_USAGE = YES_ERROR;
				CLANG_WARN_DOCUMENTATION_COMMENTS = YES;
				CLANG_WARN_EMPTY_BODY = YES;
				CLANG_WARN_ENUM_CONVERSION = YES;
				CLANG_WARN_INFINITE_RECURSION = YES;
				CLANG_WARN_INT_CONVERSION = YES;
				CLANG_WARN_NON_LITERAL_NULL_CONVERSION = YES;
				CLANG_WARN_OBJC_IMPLICIT_RETAIN_SELF = YES;
				CLANG_WARN_OBJC_LITERAL_CONVERSION = YES;
				CLANG_WARN_OBJC_ROOT_CLASS = YES_ERROR;
				CLANG_WARN_QUOTED_INCLUDE_IN_FRAMEWORK_HEADER = YES;
				CLANG_WARN_RANGE_LOOP_ANALYSIS = YES;
				CLANG_WARN_STRICT_PROTOTYPES = YES;
				CLANG_WARN_SUSPICIOUS_MOVE = YES;
				CLANG_WARN_UNGUARDED_AVAILABILITY = YES_AGGRESSIVE;
				CLANG_WARN_UNREACHABLE_CODE = YES;
				CLANG_WARN__DUPLICATE_METHOD_MATCH = YES;
				COPY_PHASE_STRIP = NO;
				DEBUG_INFORMATION_FORMAT = "dwarf-with-dsym";
				ENABLE_NS_ASSERTIONS = NO;
				ENABLE_STRICT_OBJC_MSGSEND = YES;
				GCC_C_LANGUAGE_STANDARD = gnu11;
				GCC_NO_COMMON_BLOCKS = YES;
				GCC_WARN_64_TO_32_BIT_CONVERSION = YES;
				GCC_WARN_ABOUT_RETURN_TYPE = YES_ERROR;
				GCC_WARN_UNDECLARED_SELECTOR = YES;
				GCC_WARN_UNINITIALIZED_AUTOS = YES_AGGRESSIVE;
				GCC_WARN_UNUSED_FUNCTION = YES;
				GCC_WARN_UNUSED_VARIABLE = YES;
				IPHONEOS_DEPLOYMENT_TARGET = 16.0;
				MTL_ENABLE_DEBUG_INFO = NO;
				MTL_FAST_MATH = YES;
				SDKROOT = iphoneos;
				SWIFT_COMPILATION_MODE = wholemodule;
				SWIFT_OPTIMIZATION_LEVEL = "-O";
				VALIDATE_PRODUCT = YES;
			};
			name = Release;
		};
		6ECCF86428DBBBD30092853B /* Debug */ = {
			isa = XCBuildConfiguration;
			buildSettings = {
				ASSETCATALOG_COMPILER_APPICON_NAME = AppIcon;
				ASSETCATALOG_COMPILER_GLOBAL_ACCENT_COLOR_NAME = AccentColor;
				CODE_SIGN_STYLE = Automatic;
				CURRENT_PROJECT_VERSION = 1;
				DEVELOPMENT_TEAM = MR82H66GP9;
				GENERATE_INFOPLIST_FILE = YES;
				INFOPLIST_FILE = MapMarket/Info.plist;
				INFOPLIST_KEY_LSSupportsOpeningDocumentsInPlace = YES;
				INFOPLIST_KEY_NSLocationWhenInUseUsageDescription = "app use your localization";
				INFOPLIST_KEY_UIApplicationSupportsIndirectInputEvents = YES;
				INFOPLIST_KEY_UILaunchStoryboardName = LaunchScreen;
				INFOPLIST_KEY_UIMainStoryboardFile = Main;
				INFOPLIST_KEY_UIRequiredDeviceCapabilities = armv7;
				INFOPLIST_KEY_UISupportedInterfaceOrientations = "UIInterfaceOrientationPortrait UIInterfaceOrientationLandscapeLeft UIInterfaceOrientationLandscapeRight";
				INFOPLIST_KEY_UISupportedInterfaceOrientations_iPad = "UIInterfaceOrientationPortrait UIInterfaceOrientationPortraitUpsideDown UIInterfaceOrientationLandscapeLeft UIInterfaceOrientationLandscapeRight";
				INFOPLIST_KEY_UISupportedInterfaceOrientations_iPhone = "UIInterfaceOrientationPortrait UIInterfaceOrientationLandscapeLeft UIInterfaceOrientationLandscapeRight";
				LD_RUNPATH_SEARCH_PATHS = (
					"$(inherited)",
					"@executable_path/Frameworks",
				);
				MARKETING_VERSION = 1.0;
				PRODUCT_BUNDLE_IDENTIFIER = com.JDHess.MapMarket;
				PRODUCT_NAME = "$(TARGET_NAME)";
				SWIFT_EMIT_LOC_STRINGS = YES;
				SWIFT_VERSION = 5.0;
				TARGETED_DEVICE_FAMILY = "1,2";
			};
			name = Debug;
		};
		6ECCF86528DBBBD30092853B /* Release */ = {
			isa = XCBuildConfiguration;
			buildSettings = {
				ASSETCATALOG_COMPILER_APPICON_NAME = AppIcon;
				ASSETCATALOG_COMPILER_GLOBAL_ACCENT_COLOR_NAME = AccentColor;
				CODE_SIGN_STYLE = Automatic;
				CURRENT_PROJECT_VERSION = 1;
				DEVELOPMENT_TEAM = MR82H66GP9;
				GENERATE_INFOPLIST_FILE = YES;
				INFOPLIST_FILE = MapMarket/Info.plist;
				INFOPLIST_KEY_LSSupportsOpeningDocumentsInPlace = YES;
				INFOPLIST_KEY_NSLocationWhenInUseUsageDescription = "app use your localization";
				INFOPLIST_KEY_UIApplicationSupportsIndirectInputEvents = YES;
				INFOPLIST_KEY_UILaunchStoryboardName = LaunchScreen;
				INFOPLIST_KEY_UIMainStoryboardFile = Main;
				INFOPLIST_KEY_UIRequiredDeviceCapabilities = armv7;
				INFOPLIST_KEY_UISupportedInterfaceOrientations = "UIInterfaceOrientationPortrait UIInterfaceOrientationLandscapeLeft UIInterfaceOrientationLandscapeRight";
				INFOPLIST_KEY_UISupportedInterfaceOrientations_iPad = "UIInterfaceOrientationPortrait UIInterfaceOrientationPortraitUpsideDown UIInterfaceOrientationLandscapeLeft UIInterfaceOrientationLandscapeRight";
				INFOPLIST_KEY_UISupportedInterfaceOrientations_iPhone = "UIInterfaceOrientationPortrait UIInterfaceOrientationLandscapeLeft UIInterfaceOrientationLandscapeRight";
				LD_RUNPATH_SEARCH_PATHS = (
					"$(inherited)",
					"@executable_path/Frameworks",
				);
				MARKETING_VERSION = 1.0;
				PRODUCT_BUNDLE_IDENTIFIER = com.JDHess.MapMarket;
				PRODUCT_NAME = "$(TARGET_NAME)";
				SWIFT_EMIT_LOC_STRINGS = YES;
				SWIFT_VERSION = 5.0;
				TARGETED_DEVICE_FAMILY = "1,2";
			};
			name = Release;
		};
		6ECCF86728DBBBD30092853B /* Debug */ = {
			isa = XCBuildConfiguration;
			buildSettings = {
				ALWAYS_EMBED_SWIFT_STANDARD_LIBRARIES = YES;
				BUNDLE_LOADER = "$(TEST_HOST)";
				CODE_SIGN_STYLE = Automatic;
				CURRENT_PROJECT_VERSION = 1;
				DEVELOPMENT_TEAM = MR82H66GP9;
				GENERATE_INFOPLIST_FILE = YES;
				IPHONEOS_DEPLOYMENT_TARGET = 16.0;
				MARKETING_VERSION = 1.0;
				PRODUCT_BUNDLE_IDENTIFIER = com.JDHess.MapMarketTests;
				PRODUCT_NAME = "$(TARGET_NAME)";
				SWIFT_EMIT_LOC_STRINGS = NO;
				SWIFT_VERSION = 5.0;
				TARGETED_DEVICE_FAMILY = "1,2";
				TEST_HOST = "$(BUILT_PRODUCTS_DIR)/MapMarket.app/$(BUNDLE_EXECUTABLE_FOLDER_PATH)/MapMarket";
			};
			name = Debug;
		};
		6ECCF86828DBBBD30092853B /* Release */ = {
			isa = XCBuildConfiguration;
			buildSettings = {
				ALWAYS_EMBED_SWIFT_STANDARD_LIBRARIES = YES;
				BUNDLE_LOADER = "$(TEST_HOST)";
				CODE_SIGN_STYLE = Automatic;
				CURRENT_PROJECT_VERSION = 1;
				DEVELOPMENT_TEAM = MR82H66GP9;
				GENERATE_INFOPLIST_FILE = YES;
				IPHONEOS_DEPLOYMENT_TARGET = 16.0;
				MARKETING_VERSION = 1.0;
				PRODUCT_BUNDLE_IDENTIFIER = com.JDHess.MapMarketTests;
				PRODUCT_NAME = "$(TARGET_NAME)";
				SWIFT_EMIT_LOC_STRINGS = NO;
				SWIFT_VERSION = 5.0;
				TARGETED_DEVICE_FAMILY = "1,2";
				TEST_HOST = "$(BUILT_PRODUCTS_DIR)/MapMarket.app/$(BUNDLE_EXECUTABLE_FOLDER_PATH)/MapMarket";
			};
			name = Release;
		};
		6ECCF86A28DBBBD30092853B /* Debug */ = {
			isa = XCBuildConfiguration;
			buildSettings = {
				ALWAYS_EMBED_SWIFT_STANDARD_LIBRARIES = YES;
				CODE_SIGN_STYLE = Automatic;
				CURRENT_PROJECT_VERSION = 1;
				DEVELOPMENT_TEAM = MR82H66GP9;
				GENERATE_INFOPLIST_FILE = YES;
				MARKETING_VERSION = 1.0;
				PRODUCT_BUNDLE_IDENTIFIER = com.JDHess.MapMarketUITests;
				PRODUCT_NAME = "$(TARGET_NAME)";
				SWIFT_EMIT_LOC_STRINGS = NO;
				SWIFT_VERSION = 5.0;
				TARGETED_DEVICE_FAMILY = "1,2";
				TEST_TARGET_NAME = MapMarket;
			};
			name = Debug;
		};
		6ECCF86B28DBBBD30092853B /* Release */ = {
			isa = XCBuildConfiguration;
			buildSettings = {
				ALWAYS_EMBED_SWIFT_STANDARD_LIBRARIES = YES;
				CODE_SIGN_STYLE = Automatic;
				CURRENT_PROJECT_VERSION = 1;
				DEVELOPMENT_TEAM = MR82H66GP9;
				GENERATE_INFOPLIST_FILE = YES;
				MARKETING_VERSION = 1.0;
				PRODUCT_BUNDLE_IDENTIFIER = com.JDHess.MapMarketUITests;
				PRODUCT_NAME = "$(TARGET_NAME)";
				SWIFT_EMIT_LOC_STRINGS = NO;
				SWIFT_VERSION = 5.0;
				TARGETED_DEVICE_FAMILY = "1,2";
				TEST_TARGET_NAME = MapMarket;
			};
			name = Release;
		};
/* End XCBuildConfiguration section */

/* Begin XCConfigurationList section */
		6ECCF83428DBBBD10092853B /* Build configuration list for PBXProject "MapMarket" */ = {
			isa = XCConfigurationList;
			buildConfigurations = (
				6ECCF86128DBBBD30092853B /* Debug */,
				6ECCF86228DBBBD30092853B /* Release */,
			);
			defaultConfigurationIsVisible = 0;
			defaultConfigurationName = Release;
		};
		6ECCF86328DBBBD30092853B /* Build configuration list for PBXNativeTarget "MapMarket" */ = {
			isa = XCConfigurationList;
			buildConfigurations = (
				6ECCF86428DBBBD30092853B /* Debug */,
				6ECCF86528DBBBD30092853B /* Release */,
			);
			defaultConfigurationIsVisible = 0;
			defaultConfigurationName = Release;
		};
		6ECCF86628DBBBD30092853B /* Build configuration list for PBXNativeTarget "MapMarketTests" */ = {
			isa = XCConfigurationList;
			buildConfigurations = (
				6ECCF86728DBBBD30092853B /* Debug */,
				6ECCF86828DBBBD30092853B /* Release */,
			);
			defaultConfigurationIsVisible = 0;
			defaultConfigurationName = Release;
		};
		6ECCF86928DBBBD30092853B /* Build configuration list for PBXNativeTarget "MapMarketUITests" */ = {
			isa = XCConfigurationList;
			buildConfigurations = (
				6ECCF86A28DBBBD30092853B /* Debug */,
				6ECCF86B28DBBBD30092853B /* Release */,
			);
			defaultConfigurationIsVisible = 0;
			defaultConfigurationName = Release;
		};
/* End XCConfigurationList section */

/* Begin XCVersionGroup section */
		6E41BF1028DBDB210083F2F6 /* ItemsFor.xcdatamodeld */ = {
			isa = XCVersionGroup;
			children = (
				6E41BF1128DBDB210083F2F6 /* ItemsFor.xcdatamodel */,
			);
			currentVersion = 6E41BF1128DBDB210083F2F6 /* ItemsFor.xcdatamodel */;
			path = ItemsFor.xcdatamodeld;
			sourceTree = "<group>";
			versionGroupType = wrapper.xcdatamodel;
		};
/* End XCVersionGroup section */
	};
	rootObject = 6ECCF83128DBBBD10092853B /* Project object */;
}
